
Microsoft Visual Studio Solution File, Format Version 12.00
# Visual Studio Version 17
VisualStudioVersion = 17.0.32112.339
MinimumVisualStudioVersion = 10.0.40219.1
Project("{FAE04EC0-301F-11D3-BF4B-00C04F79EFBC}") = "Ombyte", "Ombyte\Ombyte.csproj", "{F919E416-D5DB-4871-8164-295896E5C16D}"
EndProject
Global
	GlobalSection(SolutionConfigurationPlatforms) = preSolution
		Debug|Any CPU = Debug|Any CPU
		Release|Any CPU = Release|Any CPU
	EndGlobalSection
	GlobalSection(ProjectConfigurationPlatforms) = postSolution
		{F919E416-D5DB-4871-8164-295896E5C16D}.Debug|Any CPU.ActiveCfg = Debug|Any CPU
		{F919E416-D5DB-4871-8164-295896E5C16D}.Debug|Any CPU.Build.0 = Debug|Any CPU
		{F919E416-D5DB-4871-8164-295896E5C16D}.Release|Any CPU.ActiveCfg = Release|Any CPU
		{F919E416-D5DB-4871-8164-295896E5C16D}.Release|Any CPU.Build.0 = Release|Any CPU
	EndGlobalSection
	GlobalSection(SolutionProperties) = preSolution
		HideSolutionNode = FALSE
	EndGlobalSection
	GlobalSection(ExtensibilityGlobals) = postSolution
		SolutionGuid = {E2469294-56C8-44E5-B399-FE618BDDCD00}
	EndGlobalSection
EndGlobal
